
Microsoft Visual Studio Solution File, Format Version 12.00
# Visual Studio Version 17
VisualStudioVersion = 17.5.33516.290
MinimumVisualStudioVersion = 10.0.40219.1
Project("{9A19103F-16F7-4668-BE54-9A1E7A4F7556}") = "corePizzaProject", "corePizzaProject\corePizzaProject.csproj", "{659A62B3-C36C-43F2-9019-43CC24D615D0}"
EndProject
Project("{9A19103F-16F7-4668-BE54-9A1E7A4F7556}") = "TestCases", "TestCases\TestCases.csproj", "{AB0711E6-F2D5-417E-A7E8-F27624543974}"
EndProject
Project("{E53339B2-1760-4266-BCC7-CA923CBCF16C}") = "docker-compose", "docker-compose.dcproj", "{ADC128EA-CC8C-4848-8F7E-19969C03AD96}"
EndProject
Global
	GlobalSection(SolutionConfigurationPlatforms) = preSolution
		Debug|Any CPU = Debug|Any CPU
		Release|Any CPU = Release|Any CPU
	EndGlobalSection
	GlobalSection(ProjectConfigurationPlatforms) = postSolution
		{659A62B3-C36C-43F2-9019-43CC24D615D0}.Debug|Any CPU.ActiveCfg = Debug|Any CPU
		{659A62B3-C36C-43F2-9019-43CC24D615D0}.Debug|Any CPU.Build.0 = Debug|Any CPU
		{659A62B3-C36C-43F2-9019-43CC24D615D0}.Release|Any CPU.ActiveCfg = Release|Any CPU
		{659A62B3-C36C-43F2-9019-43CC24D615D0}.Release|Any CPU.Build.0 = Release|Any CPU
		{AB0711E6-F2D5-417E-A7E8-F27624543974}.Debug|Any CPU.ActiveCfg = Debug|Any CPU
		{AB0711E6-F2D5-417E-A7E8-F27624543974}.Debug|Any CPU.Build.0 = Debug|Any CPU
		{AB0711E6-F2D5-417E-A7E8-F27624543974}.Release|Any CPU.ActiveCfg = Release|Any CPU
		{AB0711E6-F2D5-417E-A7E8-F27624543974}.Release|Any CPU.Build.0 = Release|Any CPU
		{ADC128EA-CC8C-4848-8F7E-19969C03AD96}.Debug|Any CPU.ActiveCfg = Debug|Any CPU
		{ADC128EA-CC8C-4848-8F7E-19969C03AD96}.Debug|Any CPU.Build.0 = Debug|Any CPU
		{ADC128EA-CC8C-4848-8F7E-19969C03AD96}.Release|Any CPU.ActiveCfg = Release|Any CPU
		{ADC128EA-CC8C-4848-8F7E-19969C03AD96}.Release|Any CPU.Build.0 = Release|Any CPU
	EndGlobalSection
	GlobalSection(SolutionProperties) = preSolution
		HideSolutionNode = FALSE
	EndGlobalSection
	GlobalSection(ExtensibilityGlobals) = postSolution
		SolutionGuid = {1FE77C4D-CE2E-4DDC-AF1D-AE4011806341}
	EndGlobalSection
EndGlobal
